lockfileVersion: '9.0'

settings:
  autoInstallPeers: true
  excludeLinksFromLockfile: false

importers:

  .:
    dependencies:
      '@supabase/supabase-js':
        specifier: ^2.48.0
        version: 2.49.1
      axios:
        specifier: ^1.7.0
        version: 1.13.2
      cors:
        specifier: ^2.8.5
        version: 2.8.5
      dotenv:
        specifier: ^16.4.0
        version: 16.6.1
      express:
        specifier: ^4.19.0
        version: 4.22.1

packages:

  '@supabase/auth-js@2.68.0':
    resolution: {integrity: sha1-4ftR7Vd5UtFvr4buR9sf09HE59s=, tarball: http://npm.eniot.io:7001/@supabase/auth-js/download/@supabase/auth-js-2.68.0.tgz}

  '@supabase/functions-js@2.4.4':
    resolution: {integrity: sha1-RfzZTVRr36ZtAfk6eWygME7BVLg=, tarball: http://npm.eniot.io:7001/@supabase/functions-js/download/@supabase/functions-js-2.4.4.tgz}

  '@supabase/node-fetch@2.6.15':
    resolution: {integrity: sha1-cxJxQw4naYMZGTCBYwPEQVnnImw=, tarball: http://npm.eniot.io:7001/@supabase/node-fetch/download/@supabase/node-fetch-2.6.15.tgz}
    engines: {node: 4.x || >=6.0.0}

  '@supabase/postgrest-js@1.19.2':
    resolution: {integrity: sha1-y3IYYP79nsKBi7r8Vt5DFMDryoE=, tarball: http://npm.eniot.io:7001/@supabase/postgrest-js/download/@supabase/postgrest-js-1.19.2.tgz}

  '@supabase/realtime-js@2.11.2':
    resolution: {integrity: sha1-f3OZwya+cX6tydXiWfniaQ+/g90=, tarball: http://npm.eniot.io:7001/@supabase/realtime-js/download/@supabase/realtime-js-2.11.2.tgz}

  '@supabase/storage-js@2.7.1':
    resolution: {integrity: sha1-dhSC8jfe7JilnlrxrOGMel4Kaa8=, tarball: http://npm.eniot.io:7001/@supabase/storage-js/download/@supabase/storage-js-2.7.1.tgz}

  '@supabase/supabase-js@2.49.1':
    resolution: {integrity: sha1-RX97GXItLP8GShkjOZpCuFXEqbg=, tarball: http://npm.eniot.io:7001/@supabase/supabase-js/download/@supabase/supabase-js-2.49.1.tgz}

  '@types/node@25.0.3':
    resolution: {integrity: sha1-ebmsgxjzc/v6r24nhIk++pcB8mk=, tarball: http://npm.eniot.io:7001/@types/node/download/@types/node-25.0.3.tgz}

  '@types/phoenix@1.6.6':
    resolution: {integrity: sha1-PBq1P9WiNjS4436nLMrL8H+8eBY=, tarball: http://npm.eniot.io:7001/@types/phoenix/download/@types/phoenix-1.6.6.tgz}

  '@types/ws@8.18.1':
    resolution: {integrity: sha1-SEZOS/Ld/RfbE9hFRn9gcP/qSqk=, tarball: http://npm.eniot.io:7001/@types/ws/download/@types/ws-8.18.1.tgz}

  accepts@1.3.8:
    resolution: {integrity: sha1-C/C+EltnAUrcsLCSHmLbe//hay4=, tarball: http://npm.eniot.io:7001/accepts/download/accepts-1.3.8.tgz}
    engines: {node: '>= 0.6'}

  array-flatten@1.1.1:
    resolution: {integrity: sha1-ml9pkFGx5wczKPKgCJaLZOopVdI=, tarball: http://npm.eniot.io:7001/array-flatten/download/array-flatten-1.1.1.tgz}

  asynckit@0.4.0:
    resolution: {integrity: sha1-x57Zf380y48robyXkLzDZkdLS3k=, tarball: http://npm.eniot.io:7001/asynckit/download/asynckit-0.4.0.tgz}

  axios@1.13.2:
    resolution: {integrity: sha1-mtoSC3taskUJVT7D5AEjUhEX9oc=, tarball: http://npm.eniot.io:7001/axios/download/axios-1.13.2.tgz}

  body-parser@1.20.4:
    resolution: {integrity: sha1-+OIPTQbKilCnHtMpwV3MrRzcVH8=, tarball: http://npm.eniot.io:7001/body-parser/download/body-parser-1.20.4.tgz}
    engines: {node: '>= 0.8', npm: 1.2.8000 || >= 1.4.16}

  bytes@3.1.2:
    resolution: {integrity: sha1-iwvuuYYFrfGxKPpDhkA8AJ4CIaU=, tarball: http://npm.eniot.io:7001/bytes/download/bytes-3.1.2.tgz}
    engines: {node: '>= 0.8'}

  call-bind-apply-helpers@1.0.2:
    resolution: {integrity: sha1-S1QowiK+mF15w9gmV0edvgtZstY=, tarball: http://npm.eniot.io:7001/call-bind-apply-helpers/download/call-bind-apply-helpers-1.0.2.tgz}
    engines: {node: '>= 0.4'}

  call-bound@1.0.4:
    resolution: {integrity: sha1-I43pNdKippKSjFOMfM+pEGf9Bio=, tarball: http://npm.eniot.io:7001/call-bound/download/call-bound-1.0.4.tgz}
    engines: {node: '>= 0.4'}

  combined-stream@1.0.8:
    resolution: {integrity: sha1-w9RaizT9cwYxoRCoolIGgrMdWn8=, tarball: http://npm.eniot.io:7001/combined-stream/download/combined-stream-1.0.8.tgz}
    engines: {node: '>= 0.8'}

  content-disposition@0.5.4:
    resolution: {integrity: sha1-i4K076yCUSoCuwsdzsnSxejrW/4=, tarball: http://npm.eniot.io:7001/content-disposition/download/content-disposition-0.5.4.tgz}
    engines: {node: '>= 0.6'}

  content-type@1.0.5:
    resolution: {integrity: sha1-i3cxYmVtHRCGeEyPI6VM5tc9eRg=, tarball: http://npm.eniot.io:7001/content-type/download/content-type-1.0.5.tgz}
    engines: {node: '>= 0.6'}

  cookie-signature@1.0.7:
    resolution: {integrity: sha1-q13Xq3V8VOYPN+9lUPSBxCbRBFQ=, tarball: http://npm.eniot.io:7001/cookie-signature/download/cookie-signature-1.0.7.tgz}

  cookie@0.7.2:
    resolution: {integrity: sha1-VWNpxHKiupEPKXmJG1JrNDYjftc=, tarball: http://npm.eniot.io:7001/cookie/download/cookie-0.7.2.tgz}
    engines: {node: '>= 0.6'}

  cors@2.8.5:
    resolution: {integrity: sha1-6sEdpRWS3Ya58G9uesKTs9+HXSk=, tarball: http://npm.eniot.io:7001/cors/download/cors-2.8.5.tgz}
    engines: {node: '>= 0.10'}

  debug@2.6.9:
    resolution: {integrity: sha1-XRKFFd8TT/Mn6QpMk/Tgd6U2NB8=, tarball: http://npm.eniot.io:7001/debug/download/debug-2.6.9.tgz}
    peerDependencies:
      supports-color: '*'
    peerDependenciesMeta:
      supports-color:
        optional: true

  delayed-stream@1.0.0:
    resolution: {integrity: sha1-3zrhmayt+31ECqrgsp4icrJOxhk=, tarball: http://npm.eniot.io:7001/delayed-stream/download/delayed-stream-1.0.0.tgz}
    engines: {node: '>=0.4.0'}

  depd@2.0.0:
    resolution: {integrity: sha1-tpYWPMdXVg0JzyLMj60Vcbeedt8=, tarball: http://npm.eniot.io:7001/depd/download/depd-2.0.0.tgz}
    engines: {node: '>= 0.8'}

  destroy@1.2.0:
    resolution: {integrity: sha1-SANzVQmti+VSk0xn32FPlOZvoBU=, tarball: http://npm.eniot.io:7001/destroy/download/destroy-1.2.0.tgz}
    engines: {node: '>= 0.8', npm: 1.2.8000 || >= 1.4.16}

  dotenv@16.6.1:
    resolution: {integrity: sha1-dz8OaVJ6gxXHKF1e5zxEWdIKgCA=, tarball: http://npm.eniot.io:7001/dotenv/download/dotenv-16.6.1.tgz}
    engines: {node: '>=12'}

  dunder-proto@1.0.1:
    resolution: {integrity: sha1-165mfh3INIL4tw/Q9u78UNow9Yo=, tarball: http://npm.eniot.io:7001/dunder-proto/download/dunder-proto-1.0.1.tgz}
    engines: {node: '>= 0.4'}

  ee-first@1.1.1:
    resolution: {integrity: sha1-WQxhFWsK4vTwJVcyoViyZrxWsh0=, tarball: http://npm.eniot.io:7001/ee-first/download/ee-first-1.1.1.tgz}

  encodeurl@1.0.2:
    resolution: {integrity: sha1-rT/0yG7C0CkyL1oCw6mmBslbP1k=, tarball: http://npm.eniot.io:7001/encodeurl/download/encodeurl-1.0.2.tgz}
    engines: {node: '>= 0.8'}

  encodeurl@2.0.0:
    resolution: {integrity: sha1-e46omAd9fkCdOsRUdOo46vCFelg=, tarball: http://npm.eniot.io:7001/encodeurl/download/encodeurl-2.0.0.tgz}
    engines: {node: '>= 0.8'}

  es-define-property@1.0.1:
    resolution: {integrity: sha1-mD6y+aZyTpMD9hrd8BHHLgngsPo=, tarball: http://npm.eniot.io:7001/es-define-property/download/es-define-property-1.0.1.tgz}
    engines: {node: '>= 0.4'}

  es-errors@1.3.0:
    resolution: {integrity: sha1-BfdaJdq5jk+x3NXhRywFRtUFfI8=, tarball: http://npm.eniot.io:7001/es-errors/download/es-errors-1.3.0.tgz}
    engines: {node: '>= 0.4'}

  es-object-atoms@1.1.1:
    resolution: {integrity: sha1-HE8sSDcydZfOadLKGQp/3RcjOME=, tarball: http://npm.eniot.io:7001/es-object-atoms/download/es-object-atoms-1.1.1.tgz}
    engines: {node: '>= 0.4'}

  es-set-tostringtag@2.1.0:
    resolution: {integrity: sha1-8x274MGDsAptJutjJcgQwP0YvU0=, tarball: http://npm.eniot.io:7001/es-set-tostringtag/download/es-set-tostringtag-2.1.0.tgz}
    engines: {node: '>= 0.4'}

  escape-html@1.0.3:
    resolution: {integrity: sha1-Aljq5NPQwJdN4cFpGI7wBR0dGYg=, tarball: http://npm.eniot.io:7001/escape-html/download/escape-html-1.0.3.tgz}

  etag@1.8.1:
    resolution: {integrity: sha1-Qa4u62XvpiJorr/qg6x9eSmbCIc=, tarball: http://npm.eniot.io:7001/etag/download/etag-1.8.1.tgz}
    engines: {node: '>= 0.6'}

  express@4.22.1:
    resolution: {integrity: sha1-HeI6CXRaT//bOSR7NEu16v84IGk=, tarball: http://npm.eniot.io:7001/express/download/express-4.22.1.tgz}
    engines: {node: '>= 0.10.0'}

  finalhandler@1.3.2:
    resolution: {integrity: sha1-HrwiKPx2c6rEpHLDEMwFt32FK4g=, tarball: http://npm.eniot.io:7001/finalhandler/download/finalhandler-1.3.2.tgz}
    engines: {node: '>= 0.8'}

  follow-redirects@1.15.11:
    resolution: {integrity: sha1-d31z1yqS+OxNLkEOtHNSpWuOg0A=, tarball: http://npm.eniot.io:7001/follow-redirects/download/follow-redirects-1.15.11.tgz}
    engines: {node: '>=4.0'}
    peerDependencies:
      debug: '*'
    peerDependenciesMeta:
      debug:
        optional: true

  form-data@4.0.4:
    resolution: {integrity: sha1-eEzczgZpqdaOlNEaxO6pgIjt0sQ=, tarball: http://npm.eniot.io:7001/form-data/download/form-data-4.0.4.tgz}
    engines: {node: '>= 6'}

  forwarded@0.2.0:
    resolution: {integrity: sha1-ImmTZCiq1MFcfr6XeahL8LKoGBE=, tarball: http://npm.eniot.io:7001/forwarded/download/forwarded-0.2.0.tgz}
    engines: {node: '>= 0.6'}

  fresh@0.5.2:
    resolution: {integrity: sha1-PYyt2Q2XZWn6g1qx+OSyOhBWBac=, tarball: http://npm.eniot.io:7001/fresh/download/fresh-0.5.2.tgz}
    engines: {node: '>= 0.6'}

  function-bind@1.1.2:
    resolution: {integrity: sha1-LALYZNl/PqbIgwxGTL0Rq26rehw=, tarball: http://npm.eniot.io:7001/function-bind/download/function-bind-1.1.2.tgz}

  get-intrinsic@1.3.0:
    resolution: {integrity: sha1-dD8OO2lkqTpUke0b/6rgVNf5jQE=, tarball: http://npm.eniot.io:7001/get-intrinsic/download/get-intrinsic-1.3.0.tgz}
    engines: {node: '>= 0.4'}

  get-proto@1.0.1:
    resolution: {integrity: sha1-FQs/J0OGnvPoUewMSdFbHRTQDuE=, tarball: http://npm.eniot.io:7001/get-proto/download/get-proto-1.0.1.tgz}
    engines: {node: '>= 0.4'}

  gopd@1.2.0:
    resolution: {integrity: sha1-ifVrghe9vIgCvSmd9tfxCB1+UaE=, tarball: http://npm.eniot.io:7001/gopd/download/gopd-1.2.0.tgz}
    engines: {node: '>= 0.4'}

  has-symbols@1.1.0:
    resolution: {integrity: sha1-/JxqeDoISVHQuXH+EBjegTcHozg=, tarball: http://npm.eniot.io:7001/has-symbols/download/has-symbols-1.1.0.tgz}
    engines: {node: '>= 0.4'}

  has-tostringtag@1.0.2:
    resolution: {integrity: sha1-LNxC1AvvLltO6rfAGnPFTOerWrw=, tarball: http://npm.eniot.io:7001/has-tostringtag/download/has-tostringtag-1.0.2.tgz}
    engines: {node: '>= 0.4'}

  hasown@2.0.2:
    resolution: {integrity: sha1-AD6vkb563DcuhOxZ3DclLO24AAM=, tarball: http://npm.eniot.io:7001/hasown/download/hasown-2.0.2.tgz}
    engines: {node: '>= 0.4'}

  http-errors@2.0.0:
    resolution: {integrity: sha1-t3dKFIbvc892Z6ya4IWMASxXudM=, tarball: http://npm.eniot.io:7001/http-errors/download/http-errors-2.0.0.tgz}
    engines: {node: '>= 0.8'}

  http-errors@2.0.1:
    resolution: {integrity: sha1-NtL2W8kJyHkAGN02+02T2myq4Gs=, tarball: http://npm.eniot.io:7001/http-errors/download/http-errors-2.0.1.tgz}
    engines: {node: '>= 0.8'}

  iconv-lite@0.4.24:
    resolution: {integrity: sha1-ICK0sl+93CHS9SSXSkdKr+czkIs=, tarball: http://npm.eniot.io:7001/iconv-lite/download/iconv-lite-0.4.24.tgz}
    engines: {node: '>=0.10.0'}

  inherits@2.0.4:
    resolution: {integrity: sha1-D6LGT5MpF8NDOg3tVTY6rjdBa3w=, tarball: http://npm.eniot.io:7001/inherits/download/inherits-2.0.4.tgz}

  ipaddr.js@1.9.1:
    resolution: {integrity: sha1-v/OFQ+64mEglB5/zoqjmy9RngbM=, tarball: http://npm.eniot.io:7001/ipaddr.js/download/ipaddr.js-1.9.1.tgz}
    engines: {node: '>= 0.10'}

  math-intrinsics@1.1.0:
    resolution: {integrity: sha1-oN10voHiqlwvJ+Zc4oNgXuTit/k=, tarball: http://npm.eniot.io:7001/math-intrinsics/download/math-intrinsics-1.1.0.tgz}
    engines: {node: '>= 0.4'}

  media-typer@0.3.0:
    resolution: {integrity: sha1-hxDXrwqmJvj/+hzgAWhUUmMlV0g=, tarball: http://npm.eniot.io:7001/media-typer/download/media-typer-0.3.0.tgz}
    engines: {node: '>= 0.6'}

  merge-descriptors@1.0.3:
    resolution: {integrity: sha1-2AMZpl88eTU1Hlz9rI+TGFBNvtU=, tarball: http://npm.eniot.io:7001/merge-descriptors/download/merge-descriptors-1.0.3.tgz}

  methods@1.1.2:
    resolution: {integrity: sha1-VSmk1nZUE07cxSZmVoNbD4Ua/O4=, tarball: http://npm.eniot.io:7001/methods/download/methods-1.1.2.tgz}
    engines: {node: '>= 0.6'}

  mime-db@1.52.0:
    resolution: {integrity: sha1-u6vNwChZ9JhzAchW4zh85exDv3A=, tarball: http://npm.eniot.io:7001/mime-db/download/mime-db-1.52.0.tgz}
    engines: {node: '>= 0.6'}

  mime-types@2.1.35:
    resolution: {integrity: sha1-OBqHG2KnNEUGYK497uRIE/cNlZo=, tarball: http://npm.eniot.io:7001/mime-types/download/mime-types-2.1.35.tgz}
    engines: {node: '>= 0.6'}

  mime@1.6.0:
    resolution: {integrity: sha1-Ms2eXGRVO9WNGaVor0Uqz/BJgbE=, tarball: http://npm.eniot.io:7001/mime/download/mime-1.6.0.tgz}
    engines: {node: '>=4'}
    hasBin: true

  ms@2.0.0:
    resolution: {integrity: sha1-VgiurfwAvmwpAd9fmGF4jeDVl8g=, tarball: http://npm.eniot.io:7001/ms/download/ms-2.0.0.tgz}

  ms@2.1.3:
    resolution: {integrity: sha1-V0yBOM4dK1hh8LRFedut1gxmFbI=, tarball: http://npm.eniot.io:7001/ms/download/ms-2.1.3.tgz}

  negotiator@0.6.3:
    resolution: {integrity: sha1-WOMjpy/twNb5zU0x/kn1FHlZDM0=, tarball: http://npm.eniot.io:7001/negotiator/download/negotiator-0.6.3.tgz}
    engines: {node: '>= 0.6'}

  object-assign@4.1.1:
    resolution: {integrity: sha1-IQmtx5ZYh8/AXLvUQsrIv7s2CGM=, tarball: http://npm.eniot.io:7001/object-assign/download/object-assign-4.1.1.tgz}
    engines: {node: '>=0.10.0'}

  object-inspect@1.13.4:
    resolution: {integrity: sha1-g3UmXiG8IND6WCwi4bE0hdbgAhM=, tarball: http://npm.eniot.io:7001/object-inspect/download/object-inspect-1.13.4.tgz}
    engines: {node: '>= 0.4'}

  on-finished@2.4.1:
    resolution: {integrity: sha1-WMjEQRblSEWtV/FKsQsDUzGErD8=, tarball: http://npm.eniot.io:7001/on-finished/download/on-finished-2.4.1.tgz}
    engines: {node: '>= 0.8'}

  parseurl@1.3.3:
    resolution: {integrity: sha1-naGee+6NEt/wUT7Vt2lXeTvC6NQ=, tarball: http://npm.eniot.io:7001/parseurl/download/parseurl-1.3.3.tgz}
    engines: {node: '>= 0.8'}

  path-to-regexp@0.1.12:
    resolution: {integrity: sha1-1eGhLkeKl21DLvPFjVNLmSMWS7c=, tarball: http://npm.eniot.io:7001/path-to-regexp/download/path-to-regexp-0.1.12.tgz}

  proxy-addr@2.0.7:
    resolution: {integrity: sha1-8Z/mnOqzEe65S0LnDowgcPm6ECU=, tarball: http://npm.eniot.io:7001/proxy-addr/download/proxy-addr-2.0.7.tgz}
    engines: {node: '>= 0.10'}

  proxy-from-env@1.1.0:
    resolution: {integrity: sha1-4QLxbKNVQkhldV0sno6k8k1Yw+I=, tarball: http://npm.eniot.io:7001/proxy-from-env/download/proxy-from-env-1.1.0.tgz}

  qs@6.14.0:
    resolution: {integrity: sha1-xj+kBoDSxclBQSoOiZyJr2DAqTA=, tarball: http://npm.eniot.io:7001/qs/download/qs-6.14.0.tgz}
    engines: {node: '>=0.6'}

  range-parser@1.2.1:
    resolution: {integrity: sha1-PPNwI9GZ4cJNGlW4SADC8+ZGgDE=, tarball: http://npm.eniot.io:7001/range-parser/download/range-parser-1.2.1.tgz}
    engines: {node: '>= 0.6'}

  raw-body@2.5.3:
    resolution: {integrity: sha1-EcZlDudwp94bSU8ZeSfeDJI4IuI=, tarball: http://npm.eniot.io:7001/raw-body/download/raw-body-2.5.3.tgz}
    engines: {node: '>= 0.8'}

  safe-buffer@5.2.1:
    resolution: {integrity: sha1-Hq+fqb2x/dTsdfWPnNtOa3gn7sY=, tarball: http://npm.eniot.io:7001/safe-buffer/download/safe-buffer-5.2.1.tgz}

  safer-buffer@2.1.2:
    resolution: {integrity: sha1-RPoWGwGHuVSd2Eu5GAL5vYOFzWo=, tarball: http://npm.eniot.io:7001/safer-buffer/download/safer-buffer-2.1.2.tgz}

  send@0.19.0:
    resolution: {integrity: sha1-u8WjiMjqbASJZwSdvqwOSj8J1/g=, tarball: http://npm.eniot.io:7001/send/download/send-0.19.0.tgz}
    engines: {node: '>= 0.8.0'}

  send@0.19.1:
    resolution: {integrity: sha1-HCVjsu5P5RC4BrIexG81UAWjafk=, tarball: http://npm.eniot.io:7001/send/download/send-0.19.1.tgz}
    engines: {node: '>= 0.8.0'}

  serve-static@1.16.2:
    resolution: {integrity: sha1-tqU0PaR/a90mc4SL9FdUlB6AMpY=, tarball: http://npm.eniot.io:7001/serve-static/download/serve-static-1.16.2.tgz}
    engines: {node: '>= 0.8.0'}

  setprototypeof@1.2.0:
    resolution: {integrity: sha1-ZsmiSnP5/CjL5msJ/tPTPcrxtCQ=, tarball: http://npm.eniot.io:7001/setprototypeof/download/setprototypeof-1.2.0.tgz}

  side-channel-list@1.0.0:
    resolution: {integrity: sha1-EMtZhCYxFdO3oOM2WR4pCoMK+K0=, tarball: http://npm.eniot.io:7001/side-channel-list/download/side-channel-list-1.0.0.tgz}
    engines: {node: '>= 0.4'}

  side-channel-map@1.0.1:
    resolution: {integrity: sha1-1rtrN5Asb+9RdOX1M/q0xzKib0I=, tarball: http://npm.eniot.io:7001/side-channel-map/download/side-channel-map-1.0.1.tgz}
    engines: {node: '>= 0.4'}

  side-channel-weakmap@1.0.2:
    resolution: {integrity: sha1-Ed2hnVNo5Azp7CvcH7DsvAeQ7Oo=, tarball: http://npm.eniot.io:7001/side-channel-weakmap/download/side-channel-weakmap-1.0.2.tgz}
    engines: {node: '>= 0.4'}

  side-channel@1.1.0:
    resolution: {integrity: sha1-w/z/nE2pMnhIczNeyXZfqU/2a8k=, tarball: http://npm.eniot.io:7001/side-channel/download/side-channel-1.1.0.tgz}
    engines: {node: '>= 0.4'}

  statuses@2.0.1:
    resolution: {integrity: sha1-VcsADM8dSHKL0jxoWgY5mM8aG2M=, tarball: http://npm.eniot.io:7001/statuses/download/statuses-2.0.1.tgz}
    engines: {node: '>= 0.8'}

  statuses@2.0.2:
    resolution: {integrity: sha1-j3XuzvdlteHPzcCA2llAntQk44I=, tarball: http://npm.eniot.io:7001/statuses/download/statuses-2.0.2.tgz}
    engines: {node: '>= 0.8'}

  toidentifier@1.0.1:
    resolution: {integrity: sha1-O+NDIaiKgg7RvYDfqjPkefu43TU=, tarball: http://npm.eniot.io:7001/toidentifier/download/toidentifier-1.0.1.tgz}
    engines: {node: '>=0.6'}

  tr46@0.0.3:
    resolution: {integrity: sha1-gYT9NH2snNwYWZLzpmIuFLnZq2o=, tarball: http://npm.eniot.io:7001/tr46/download/tr46-0.0.3.tgz}

  type-is@1.6.18:
    resolution: {integrity: sha1-TlUs0F3wlGfcvE73Od6J8s83wTE=, tarball: http://npm.eniot.io:7001/type-is/download/type-is-1.6.18.tgz}
    engines: {node: '>= 0.6'}

  undici-types@7.16.0:
    resolution: {integrity: sha1-/8zf82rqSITL/OmnUKBYAiT1ikY=, tarball: http://npm.eniot.io:7001/undici-types/download/undici-types-7.16.0.tgz}

  unpipe@1.0.0:
    resolution: {integrity: sha1-sr9O6FFKrmFltIF4KdIbLvSZBOw=, tarball: http://npm.eniot.io:7001/unpipe/download/unpipe-1.0.0.tgz}
    engines: {node: '>= 0.8'}

  utils-merge@1.0.1:
    resolution: {integrity: sha1-n5VxD1CiZ5R7LMwSR0HBAoQn5xM=, tarball: http://npm.eniot.io:7001/utils-merge/download/utils-merge-1.0.1.tgz}
    engines: {node: '>= 0.4.0'}

  vary@1.1.2:
    resolution: {integrity: sha1-IpnwLG3tMNSllhsLn3RSShj2NPw=, tarball: http://npm.eniot.io:7001/vary/download/vary-1.1.2.tgz}
    engines: {node: '>= 0.8'}

  webidl-conversions@3.0.1:
    resolution: {integrity: sha1-JFNCdeKnvGvnvIZhHMFq4KVlSHE=, tarball: http://npm.eniot.io:7001/webidl-conversions/download/webidl-conversions-3.0.1.tgz}

  whatwg-url@5.0.0:
    resolution: {integrity: sha1-lmRU6HZUYuN2RNNib2dCzotwll0=, tarball: http://npm.eniot.io:7001/whatwg-url/download/whatwg-url-5.0.0.tgz}

  ws@8.18.3:
    resolution: {integrity: sha1-tWuIq//eYnkcY5FwQAyT3LDJVHI=, tarball: http://npm.eniot.io:7001/ws/download/ws-8.18.3.tgz}
    engines: {node: '>=10.0.0'}
    peerDependencies:
      bufferutil: ^4.0.1
      utf-8-validate: '>=5.0.2'
    peerDependenciesMeta:
      bufferutil:
        optional: true
      utf-8-validate:
        optional: true

snapshots:

  '@supabase/auth-js@2.68.0':
    dependencies:
      '@supabase/node-fetch': 2.6.15

  '@supabase/functions-js@2.4.4':
    dependencies:
      '@supabase/node-fetch': 2.6.15

  '@supabase/node-fetch@2.6.15':
    dependencies:
      whatwg-url: 5.0.0

  '@supabase/postgrest-js@1.19.2':
    dependencies:
      '@supabase/node-fetch': 2.6.15

  '@supabase/realtime-js@2.11.2':
    dependencies:
      '@supabase/node-fetch': 2.6.15
      '@types/phoenix': 1.6.6
      '@types/ws': 8.18.1
      ws: 8.18.3
    transitivePeerDependencies:
      - bufferutil
      - utf-8-validate

  '@supabase/storage-js@2.7.1':
    dependencies:
      '@supabase/node-fetch': 2.6.15

  '@supabase/supabase-js@2.49.1':
    dependencies:
      '@supabase/auth-js': 2.68.0
      '@supabase/functions-js': 2.4.4
      '@supabase/node-fetch': 2.6.15
      '@supabase/postgrest-js': 1.19.2
      '@supabase/realtime-js': 2.11.2
      '@supabase/storage-js': 2.7.1
    transitivePeerDependencies:
      - bufferutil
      - utf-8-validate

  '@types/node@25.0.3':
    dependencies:
      undici-types: 7.16.0

  '@types/phoenix@1.6.6': {}

  '@types/ws@8.18.1':
    dependencies:
      '@types/node': 25.0.3

  accepts@1.3.8:
    dependencies:
      mime-types: 2.1.35
      negotiator: 0.6.3

  array-flatten@1.1.1: {}

  asynckit@0.4.0: {}

  axios@1.13.2:
    dependencies:
      follow-redirects: 1.15.11
      form-data: 4.0.4
      proxy-from-env: 1.1.0
    transitivePeerDependencies:
      - debug

  body-parser@1.20.4:
    dependencies:
      bytes: 3.1.2
      content-type: 1.0.5
      debug: 2.6.9
      depd: 2.0.0
      destroy: 1.2.0
      http-errors: 2.0.1
      iconv-lite: 0.4.24
      on-finished: 2.4.1
      qs: 6.14.0
      raw-body: 2.5.3
      type-is: 1.6.18
      unpipe: 1.0.0
    transitivePeerDependencies:
      - supports-color

  bytes@3.1.2: {}

  call-bind-apply-helpers@1.0.2:
    dependencies:
      es-errors: 1.3.0
      function-bind: 1.1.2

  call-bound@1.0.4:
    dependencies:
      call-bind-apply-helpers: 1.0.2
      get-intrinsic: 1.3.0

  combined-stream@1.0.8:
    dependencies:
      delayed-stream: 1.0.0

  content-disposition@0.5.4:
    dependencies:
      safe-buffer: 5.2.1

  content-type@1.0.5: {}

  cookie-signature@1.0.7: {}

  cookie@0.7.2: {}

  cors@2.8.5:
    dependencies:
      object-assign: 4.1.1
      vary: 1.1.2

  debug@2.6.9:
    dependencies:
      ms: 2.0.0

  delayed-stream@1.0.0: {}

  depd@2.0.0: {}

  destroy@1.2.0: {}

  dotenv@16.6.1: {}

  dunder-proto@1.0.1:
    dependencies:
      call-bind-apply-helpers: 1.0.2
      es-errors: 1.3.0
      gopd: 1.2.0

  ee-first@1.1.1: {}

  encodeurl@1.0.2: {}

  encodeurl@2.0.0: {}

  es-define-property@1.0.1: {}

  es-errors@1.3.0: {}

  es-object-atoms@1.1.1:
    dependencies:
      es-errors: 1.3.0

  es-set-tostringtag@2.1.0:
    dependencies:
      es-errors: 1.3.0
      get-intrinsic: 1.3.0
      has-tostringtag: 1.0.2
      hasown: 2.0.2

  escape-html@1.0.3: {}

  etag@1.8.1: {}

  express@4.22.1:
    dependencies:
      accepts: 1.3.8
      array-flatten: 1.1.1
      body-parser: 1.20.4
      content-disposition: 0.5.4
      content-type: 1.0.5
      cookie: 0.7.2
      cookie-signature: 1.0.7
      debug: 2.6.9
      depd: 2.0.0
      encodeurl: 2.0.0
      escape-html: 1.0.3
      etag: 1.8.1
      finalhandler: 1.3.2
      fresh: 0.5.2
      http-errors: 2.0.1
      merge-descriptors: 1.0.3
      methods: 1.1.2
      on-finished: 2.4.1
      parseurl: 1.3.3
      path-to-regexp: 0.1.12
      proxy-addr: 2.0.7
      qs: 6.14.0
      range-parser: 1.2.1
      safe-buffer: 5.2.1
      send: 0.19.1
      serve-static: 1.16.2
      setprototypeof: 1.2.0
      statuses: 2.0.2
      type-is: 1.6.18
      utils-merge: 1.0.1
      vary: 1.1.2
    transitivePeerDependencies:
      - supports-color

  finalhandler@1.3.2:
    dependencies:
      debug: 2.6.9
      encodeurl: 2.0.0
      escape-html: 1.0.3
      on-finished: 2.4.1
      parseurl: 1.3.3
      statuses: 2.0.2
      unpipe: 1.0.0
    transitivePeerDependencies:
      - supports-color

  follow-redirects@1.15.11: {}

  form-data@4.0.4:
    dependencies:
      asynckit: 0.4.0
      combined-stream: 1.0.8
      es-set-tostringtag: 2.1.0
      hasown: 2.0.2
      mime-types: 2.1.35

  forwarded@0.2.0: {}

  fresh@0.5.2: {}

  function-bind@1.1.2: {}

  get-intrinsic@1.3.0:
    dependencies:
      call-bind-apply-helpers: 1.0.2
      es-define-property: 1.0.1
      es-errors: 1.3.0
      es-object-atoms: 1.1.1
      function-bind: 1.1.2
      get-proto: 1.0.1
      gopd: 1.2.0
      has-symbols: 1.1.0
      hasown: 2.0.2
      math-intrinsics: 1.1.0

  get-proto@1.0.1:
    dependencies:
      dunder-proto: 1.0.1
      es-object-atoms: 1.1.1

  gopd@1.2.0: {}

  has-symbols@1.1.0: {}

  has-tostringtag@1.0.2:
    dependencies:
      has-symbols: 1.1.0

  hasown@2.0.2:
    dependencies:
      function-bind: 1.1.2

  http-errors@2.0.0:
    dependencies:
      depd: 2.0.0
      inherits: 2.0.4
      setprototypeof: 1.2.0
      statuses: 2.0.1
      toidentifier: 1.0.1

  http-errors@2.0.1:
    dependencies:
      depd: 2.0.0
      inherits: 2.0.4
      setprototypeof: 1.2.0
      statuses: 2.0.2
      toidentifier: 1.0.1

  iconv-lite@0.4.24:
    dependencies:
      safer-buffer: 2.1.2

  inherits@2.0.4: {}

  ipaddr.js@1.9.1: {}

  math-intrinsics@1.1.0: {}

  media-typer@0.3.0: {}

  merge-descriptors@1.0.3: {}

  methods@1.1.2: {}

  mime-db@1.52.0: {}

  mime-types@2.1.35:
    dependencies:
      mime-db: 1.52.0

  mime@1.6.0: {}

  ms@2.0.0: {}

  ms@2.1.3: {}

  negotiator@0.6.3: {}

  object-assign@4.1.1: {}

  object-inspect@1.13.4: {}

  on-finished@2.4.1:
    dependencies:
      ee-first: 1.1.1

  parseurl@1.3.3: {}

  path-to-regexp@0.1.12: {}

  proxy-addr@2.0.7:
    dependencies:
      forwarded: 0.2.0
      ipaddr.js: 1.9.1

  proxy-from-env@1.1.0: {}

  qs@6.14.0:
    dependencies:
      side-channel: 1.1.0

  range-parser@1.2.1: {}

  raw-body@2.5.3:
    dependencies:
      bytes: 3.1.2
      http-errors: 2.0.1
      iconv-lite: 0.4.24
      unpipe: 1.0.0

  safe-buffer@5.2.1: {}

  safer-buffer@2.1.2: {}

  send@0.19.0:
    dependencies:
      debug: 2.6.9
      depd: 2.0.0
      destroy: 1.2.0
      encodeurl: 1.0.2
      escape-html: 1.0.3
      etag: 1.8.1
      fresh: 0.5.2
      http-errors: 2.0.0
      mime: 1.6.0
      ms: 2.1.3
      on-finished: 2.4.1
      range-parser: 1.2.1
      statuses: 2.0.1
    transitivePeerDependencies:
      - supports-color

  send@0.19.1:
    dependencies:
      debug: 2.6.9
      depd: 2.0.0
      destroy: 1.2.0
      encodeurl: 2.0.0
      escape-html: 1.0.3
      etag: 1.8.1
      fresh: 0.5.2
      http-errors: 2.0.0
      mime: 1.6.0
      ms: 2.1.3
      on-finished: 2.4.1
      range-parser: 1.2.1
      statuses: 2.0.1
    transitivePeerDependencies:
      - supports-color

  serve-static@1.16.2:
    dependencies:
      encodeurl: 2.0.0
      escape-html: 1.0.3
      parseurl: 1.3.3
      send: 0.19.0
    transitivePeerDependencies:
      - supports-color

  setprototypeof@1.2.0: {}

  side-channel-list@1.0.0:
    dependencies:
      es-errors: 1.3.0
      object-inspect: 1.13.4

  side-channel-map@1.0.1:
    dependencies:
      call-bound: 1.0.4
      es-errors: 1.3.0
      get-intrinsic: 1.3.0
      object-inspect: 1.13.4

  side-channel-weakmap@1.0.2:
    dependencies:
      call-bound: 1.0.4
      es-errors: 1.3.0
      get-intrinsic: 1.3.0
      object-inspect: 1.13.4
      side-channel-map: 1.0.1

  side-channel@1.1.0:
    dependencies:
      es-errors: 1.3.0
      object-inspect: 1.13.4
      side-channel-list: 1.0.0
      side-channel-map: 1.0.1
      side-channel-weakmap: 1.0.2

  statuses@2.0.1: {}

  statuses@2.0.2: {}

  toidentifier@1.0.1: {}

  tr46@0.0.3: {}

  type-is@1.6.18:
    dependencies:
      media-typer: 0.3.0
      mime-types: 2.1.35

  undici-types@7.16.0: {}

  unpipe@1.0.0: {}

  utils-merge@1.0.1: {}

  vary@1.1.2: {}

  webidl-conversions@3.0.1: {}

  whatwg-url@5.0.0:
    dependencies:
      tr46: 0.0.3
      webidl-conversions: 3.0.1

  ws@8.18.3: {}
